{
  "name": "cocos-math-utils",
  "version": "1.0.1",
  "lockfileVersion": 3,
  "requires": true,
  "packages": {
    "": {
      "name": "cocos-math-utils",
      "version": "1.0.1",
      "license": "MIT",
      "dependencies": {
        "xstate": "^5.18.2"
      },
      "devDependencies": {
        "typescript": "^5.6.3"
      }
    },
    "node_modules/typescript": {
      "version": "5.6.3",
      "resolved": "https://registry.npmjs.org/typescript/-/typescript-5.6.3.tgz",
      "integrity": "sha512-hjcS1mhfuyi4WW8IWtjP7brDrG2cuDZukyrYrSauoXGNgx0S7zceP07adYkJycEr56BOUTNPzbInooiN3fn1qw==",
      "dev": true,
      "license": "Apache-2.0",
      "bin": {
        "tsc": "bin/tsc",
        "tsserver": "bin/tsserver"
      },
      "engines": {
        "node": ">=14.17"
      }
    },
    "node_modules/xstate": {
      "version": "5.18.2",
      "resolved": "https://registry.npmjs.org/xstate/-/xstate-5.18.2.tgz",
      "integrity": "sha512-hab5VOe29D0agy8/7dH1lGw+7kilRQyXwpaChoMu4fe6rDP+nsHYhDYKfS2O4iXE7myA98TW6qMEudj/8NXEkA==",
      "license": "MIT",
      "funding": {
        "type": "opencollective",
        "url": "https://opencollective.com/xstate"
      }
    }
  }
}
